
Microsoft Visual Studio Solution File, Format Version 12.00
# Visual Studio Version 17
VisualStudioVersion = 17.0.31903.59
MinimumVisualStudioVersion = 10.0.40219.1
Project("{FAE04EC0-301F-11D3-BF4B-00C04F79EFBC}") = "API", "API\API.csproj", "{8A91CC4F-1A23-4E7E-978A-6256D2689ECD}"
EndProject
Project("{FAE04EC0-301F-11D3-BF4B-00C04F79EFBC}") = "Domain", "Domain\Domain.csproj", "{868B2621-02FE-4A31-9588-041837EF0266}"
EndProject
Project("{FAE04EC0-301F-11D3-BF4B-00C04F79EFBC}") = "Application", "Application\Application.csproj", "{AF0BF235-3300-413E-96DD-2E0B372B1B37}"
EndProject
Project("{FAE04EC0-301F-11D3-BF4B-00C04F79EFBC}") = "Persistence", "Persistence\Persistence.csproj", "{C7F4A8C2-F251-41A6-BAF1-9810271A315C}"
EndProject
Global
	GlobalSection(SolutionConfigurationPlatforms) = preSolution
		Debug|Any CPU = Debug|Any CPU
		Debug|x64 = Debug|x64
		Debug|x86 = Debug|x86
		Release|Any CPU = Release|Any CPU
		Release|x64 = Release|x64
		Release|x86 = Release|x86
	EndGlobalSection
	GlobalSection(ProjectConfigurationPlatforms) = postSolution
		{8A91CC4F-1A23-4E7E-978A-6256D2689ECD}.Debug|Any CPU.ActiveCfg = Debug|Any CPU
		{8A91CC4F-1A23-4E7E-978A-6256D2689ECD}.Debug|Any CPU.Build.0 = Debug|Any CPU
		{8A91CC4F-1A23-4E7E-978A-6256D2689ECD}.Debug|x64.ActiveCfg = Debug|Any CPU
		{8A91CC4F-1A23-4E7E-978A-6256D2689ECD}.Debug|x64.Build.0 = Debug|Any CPU
		{8A91CC4F-1A23-4E7E-978A-6256D2689ECD}.Debug|x86.ActiveCfg = Debug|Any CPU
		{8A91CC4F-1A23-4E7E-978A-6256D2689ECD}.Debug|x86.Build.0 = Debug|Any CPU
		{8A91CC4F-1A23-4E7E-978A-6256D2689ECD}.Release|Any CPU.ActiveCfg = Release|Any CPU
		{8A91CC4F-1A23-4E7E-978A-6256D2689ECD}.Release|Any CPU.Build.0 = Release|Any CPU
		{8A91CC4F-1A23-4E7E-978A-6256D2689ECD}.Release|x64.ActiveCfg = Release|Any CPU
		{8A91CC4F-1A23-4E7E-978A-6256D2689ECD}.Release|x64.Build.0 = Release|Any CPU
		{8A91CC4F-1A23-4E7E-978A-6256D2689ECD}.Release|x86.ActiveCfg = Release|Any CPU
		{8A91CC4F-1A23-4E7E-978A-6256D2689ECD}.Release|x86.Build.0 = Release|Any CPU
		{868B2621-02FE-4A31-9588-041837EF0266}.Debug|Any CPU.ActiveCfg = Debug|Any CPU
		{868B2621-02FE-4A31-9588-041837EF0266}.Debug|Any CPU.Build.0 = Debug|Any CPU
		{868B2621-02FE-4A31-9588-041837EF0266}.Debug|x64.ActiveCfg = Debug|Any CPU
		{868B2621-02FE-4A31-9588-041837EF0266}.Debug|x64.Build.0 = Debug|Any CPU
		{868B2621-02FE-4A31-9588-041837EF0266}.Debug|x86.ActiveCfg = Debug|Any CPU
		{868B2621-02FE-4A31-9588-041837EF0266}.Debug|x86.Build.0 = Debug|Any CPU
		{868B2621-02FE-4A31-9588-041837EF0266}.Release|Any CPU.ActiveCfg = Release|Any CPU
		{868B2621-02FE-4A31-9588-041837EF0266}.Release|Any CPU.Build.0 = Release|Any CPU
		{868B2621-02FE-4A31-9588-041837EF0266}.Release|x64.ActiveCfg = Release|Any CPU
		{868B2621-02FE-4A31-9588-041837EF0266}.Release|x64.Build.0 = Release|Any CPU
		{868B2621-02FE-4A31-9588-041837EF0266}.Release|x86.ActiveCfg = Release|Any CPU
		{868B2621-02FE-4A31-9588-041837EF0266}.Release|x86.Build.0 = Release|Any CPU
		{AF0BF235-3300-413E-96DD-2E0B372B1B37}.Debug|Any CPU.ActiveCfg = Debug|Any CPU
		{AF0BF235-3300-413E-96DD-2E0B372B1B37}.Debug|Any CPU.Build.0 = Debug|Any CPU
		{AF0BF235-3300-413E-96DD-2E0B372B1B37}.Debug|x64.ActiveCfg = Debug|Any CPU
		{AF0BF235-3300-413E-96DD-2E0B372B1B37}.Debug|x64.Build.0 = Debug|Any CPU
		{AF0BF235-3300-413E-96DD-2E0B372B1B37}.Debug|x86.ActiveCfg = Debug|Any CPU
		{AF0BF235-3300-413E-96DD-2E0B372B1B37}.Debug|x86.Build.0 = Debug|Any CPU
		{AF0BF235-3300-413E-96DD-2E0B372B1B37}.Release|Any CPU.ActiveCfg = Release|Any CPU
		{AF0BF235-3300-413E-96DD-2E0B372B1B37}.Release|Any CPU.Build.0 = Release|Any CPU
		{AF0BF235-3300-413E-96DD-2E0B372B1B37}.Release|x64.ActiveCfg = Release|Any CPU
		{AF0BF235-3300-413E-96DD-2E0B372B1B37}.Release|x64.Build.0 = Release|Any CPU
		{AF0BF235-3300-413E-96DD-2E0B372B1B37}.Release|x86.ActiveCfg = Release|Any CPU
		{AF0BF235-3300-413E-96DD-2E0B372B1B37}.Release|x86.Build.0 = Release|Any CPU
		{C7F4A8C2-F251-41A6-BAF1-9810271A315C}.Debug|Any CPU.ActiveCfg = Debug|Any CPU
		{C7F4A8C2-F251-41A6-BAF1-9810271A315C}.Debug|Any CPU.Build.0 = Debug|Any CPU
		{C7F4A8C2-F251-41A6-BAF1-9810271A315C}.Debug|x64.ActiveCfg = Debug|Any CPU
		{C7F4A8C2-F251-41A6-BAF1-9810271A315C}.Debug|x64.Build.0 = Debug|Any CPU
		{C7F4A8C2-F251-41A6-BAF1-9810271A315C}.Debug|x86.ActiveCfg = Debug|Any CPU
		{C7F4A8C2-F251-41A6-BAF1-9810271A315C}.Debug|x86.Build.0 = Debug|Any CPU
		{C7F4A8C2-F251-41A6-BAF1-9810271A315C}.Release|Any CPU.ActiveCfg = Release|Any CPU
		{C7F4A8C2-F251-41A6-BAF1-9810271A315C}.Release|Any CPU.Build.0 = Release|Any CPU
		{C7F4A8C2-F251-41A6-BAF1-9810271A315C}.Release|x64.ActiveCfg = Release|Any CPU
		{C7F4A8C2-F251-41A6-BAF1-9810271A315C}.Release|x64.Build.0 = Release|Any CPU
		{C7F4A8C2-F251-41A6-BAF1-9810271A315C}.Release|x86.ActiveCfg = Release|Any CPU
		{C7F4A8C2-F251-41A6-BAF1-9810271A315C}.Release|x86.Build.0 = Release|Any CPU
	EndGlobalSection
	GlobalSection(SolutionProperties) = preSolution
		HideSolutionNode = FALSE
	EndGlobalSection
EndGlobal
